
Microsoft Visual Studio Solution File, Format Version 12.00
# Visual Studio Version 17
VisualStudioVersion = 17.8.34511.84
MinimumVisualStudioVersion = 10.0.40219.1
Project("{2150E333-8FDC-42A3-9474-1A3956D46DE8}") = "Microservices", "Microservices", "{E4D91AC2-134B-431D-8416-F2D323B72270}"
EndProject
Project("{2150E333-8FDC-42A3-9474-1A3956D46DE8}") = "Domain", "Domain", "{C6B99E11-7C71-4DDC-AF99-D2E259F796E1}"
EndProject
Project("{2150E333-8FDC-42A3-9474-1A3956D46DE8}") = "Infra.Bus", "Infra.Bus", "{6A5B51A6-FD8E-4524-88D3-9F26C49FAEBF}"
EndProject
Project("{2150E333-8FDC-42A3-9474-1A3956D46DE8}") = "Infra.IoC", "Infra.IoC", "{1BB8F1AE-01F6-4CDE-BF00-2D765EDEEDDD}"
EndProject
Project("{2150E333-8FDC-42A3-9474-1A3956D46DE8}") = "Presentation", "Presentation", "{3D87D137-8741-4F8B-8613-9158033D28D9}"
EndProject
Project("{FAE04EC0-301F-11D3-BF4B-00C04F79EFBC}") = "Micro-RabbitMQ.Domain.Core", "Micro-RabbitMQ.Domain.Core\Micro-RabbitMQ.Domain.Core.csproj", "{2257631F-E8AC-48E3-AC30-D99DB5BC7202}"
EndProject
Project("{FAE04EC0-301F-11D3-BF4B-00C04F79EFBC}") = "Micro-RabbitMQ.Infra.Bus", "Micro-RabbitMQ.Infra.Bus\Micro-RabbitMQ.Infra.Bus.csproj", "{677739AB-D609-49EA-B765-5F8A68B837F5}"
EndProject
Project("{FAE04EC0-301F-11D3-BF4B-00C04F79EFBC}") = "Micro-RabbitMQ.Infra.IoC", "Micro-RabbitMQ.Infra.IoC\Micro-RabbitMQ.Infra.IoC.csproj", "{C9EE9BB0-C83E-49BE-B43F-7907CAFC8FC8}"
EndProject
Project("{2150E333-8FDC-42A3-9474-1A3956D46DE8}") = "Banking", "Banking", "{0F5E3394-8060-4139-9C25-DFCC692DEFD5}"
EndProject
Project("{2150E333-8FDC-42A3-9474-1A3956D46DE8}") = "Api", "Api", "{4D233272-AD5B-4093-BD72-47C35E2A5A06}"
EndProject
Project("{2150E333-8FDC-42A3-9474-1A3956D46DE8}") = "Domain", "Domain", "{C225DE9F-C719-4A12-91FC-3E2A0B223827}"
EndProject
Project("{2150E333-8FDC-42A3-9474-1A3956D46DE8}") = "Application", "Application", "{7F8561DE-317D-4C5C-AEAF-6D5BC555173B}"
EndProject
Project("{2150E333-8FDC-42A3-9474-1A3956D46DE8}") = "Data", "Data", "{BB58D3B6-00E3-44D0-9365-58056D5D23AA}"
EndProject
Project("{FAE04EC0-301F-11D3-BF4B-00C04F79EFBC}") = "Micro-RabbitMQ.Banking.Api", "Micro-RabbitMQ.Banking.Api\Micro-RabbitMQ.Banking.Api.csproj", "{982427DD-1F6E-4005-9B12-813A03242F8E}"
EndProject
Project("{FAE04EC0-301F-11D3-BF4B-00C04F79EFBC}") = "Micro-RabbitMQ.Banking.Application", "Micro-RabbitMQ.Banking.Application\Micro-RabbitMQ.Banking.Application.csproj", "{0B3B646A-3453-409E-8926-BE65CFB3847E}"
EndProject
Project("{FAE04EC0-301F-11D3-BF4B-00C04F79EFBC}") = "Micro-RabbitMQ.Banking.Data", "Micro-RabbitMQ.Banking.Data\Micro-RabbitMQ.Banking.Data.csproj", "{8CE5268E-7A0C-4C05-AA1C-E82FEF1A49A3}"
EndProject
Project("{FAE04EC0-301F-11D3-BF4B-00C04F79EFBC}") = "Micro-RabbitMQ.Banking.Domain", "Micro-RabbitMQ.Banking.Domain\Micro-RabbitMQ.Banking.Domain.csproj", "{36FB65B7-CC7A-4A5C-9A1F-2E950A28EEC8}"
EndProject
Project("{2150E333-8FDC-42A3-9474-1A3956D46DE8}") = "Transfer", "Transfer", "{EF08FF54-E836-43E5-A2AD-34648D410FDD}"
EndProject
Project("{2150E333-8FDC-42A3-9474-1A3956D46DE8}") = "Api", "Api", "{83361AD9-AF02-4225-9B31-F3D4883ED269}"
EndProject
Project("{2150E333-8FDC-42A3-9474-1A3956D46DE8}") = "Application", "Application", "{146C1A34-ACBE-4A24-ACE4-1ABD19035975}"
EndProject
Project("{2150E333-8FDC-42A3-9474-1A3956D46DE8}") = "Data", "Data", "{5BD8A0AB-157F-489E-8ED6-37788BE0D41D}"
EndProject
Project("{2150E333-8FDC-42A3-9474-1A3956D46DE8}") = "Domain", "Domain", "{B911F4A1-2DC2-4F82-9A5E-A41F5A11B641}"
EndProject
Project("{FAE04EC0-301F-11D3-BF4B-00C04F79EFBC}") = "Micro-RabbitMQ.Transfer.Api", "Micro-RabbitMQ.Transfer.Api\Micro-RabbitMQ.Transfer.Api.csproj", "{B321F768-4520-4B42-A1D5-D432AB520EB7}"
EndProject
Project("{FAE04EC0-301F-11D3-BF4B-00C04F79EFBC}") = "Micro-RabbitMQ.Transfer.Application", "Micro-RabbitMQ.Transfer.Application\Micro-RabbitMQ.Transfer.Application.csproj", "{695CF728-00B9-4DD1-BB08-7F2065C9F4CB}"
EndProject
Project("{FAE04EC0-301F-11D3-BF4B-00C04F79EFBC}") = "Micro-RabbitMQ.Transfer.Data", "Micro-RabbitMQ.Transfer.Data\Micro-RabbitMQ.Transfer.Data.csproj", "{58A046AE-BE90-4A6C-B104-EB4476C462D7}"
EndProject
Project("{FAE04EC0-301F-11D3-BF4B-00C04F79EFBC}") = "Micro-RabbitMQ.Transfer.Domain", "Micro-RabbitMQ.Transfer.Domain\Micro-RabbitMQ.Transfer.Domain.csproj", "{312057E4-00D0-48B2-8B07-5A395134BE42}"
EndProject
Global
	GlobalSection(SolutionConfigurationPlatforms) = preSolution
		Debug|Any CPU = Debug|Any CPU
		Release|Any CPU = Release|Any CPU
	EndGlobalSection
	GlobalSection(ProjectConfigurationPlatforms) = postSolution
		{2257631F-E8AC-48E3-AC30-D99DB5BC7202}.Debug|Any CPU.ActiveCfg = Debug|Any CPU
		{2257631F-E8AC-48E3-AC30-D99DB5BC7202}.Debug|Any CPU.Build.0 = Debug|Any CPU
		{2257631F-E8AC-48E3-AC30-D99DB5BC7202}.Release|Any CPU.ActiveCfg = Release|Any CPU
		{2257631F-E8AC-48E3-AC30-D99DB5BC7202}.Release|Any CPU.Build.0 = Release|Any CPU
		{677739AB-D609-49EA-B765-5F8A68B837F5}.Debug|Any CPU.ActiveCfg = Debug|Any CPU
		{677739AB-D609-49EA-B765-5F8A68B837F5}.Debug|Any CPU.Build.0 = Debug|Any CPU
		{677739AB-D609-49EA-B765-5F8A68B837F5}.Release|Any CPU.ActiveCfg = Release|Any CPU
		{677739AB-D609-49EA-B765-5F8A68B837F5}.Release|Any CPU.Build.0 = Release|Any CPU
		{C9EE9BB0-C83E-49BE-B43F-7907CAFC8FC8}.Debug|Any CPU.ActiveCfg = Debug|Any CPU
		{C9EE9BB0-C83E-49BE-B43F-7907CAFC8FC8}.Debug|Any CPU.Build.0 = Debug|Any CPU
		{C9EE9BB0-C83E-49BE-B43F-7907CAFC8FC8}.Release|Any CPU.ActiveCfg = Release|Any CPU
		{C9EE9BB0-C83E-49BE-B43F-7907CAFC8FC8}.Release|Any CPU.Build.0 = Release|Any CPU
		{982427DD-1F6E-4005-9B12-813A03242F8E}.Debug|Any CPU.ActiveCfg = Debug|Any CPU
		{982427DD-1F6E-4005-9B12-813A03242F8E}.Debug|Any CPU.Build.0 = Debug|Any CPU
		{982427DD-1F6E-4005-9B12-813A03242F8E}.Release|Any CPU.ActiveCfg = Release|Any CPU
		{982427DD-1F6E-4005-9B12-813A03242F8E}.Release|Any CPU.Build.0 = Release|Any CPU
		{0B3B646A-3453-409E-8926-BE65CFB3847E}.Debug|Any CPU.ActiveCfg = Debug|Any CPU
		{0B3B646A-3453-409E-8926-BE65CFB3847E}.Debug|Any CPU.Build.0 = Debug|Any CPU
		{0B3B646A-3453-409E-8926-BE65CFB3847E}.Release|Any CPU.ActiveCfg = Release|Any CPU
		{0B3B646A-3453-409E-8926-BE65CFB3847E}.Release|Any CPU.Build.0 = Release|Any CPU
		{8CE5268E-7A0C-4C05-AA1C-E82FEF1A49A3}.Debug|Any CPU.ActiveCfg = Debug|Any CPU
		{8CE5268E-7A0C-4C05-AA1C-E82FEF1A49A3}.Debug|Any CPU.Build.0 = Debug|Any CPU
		{8CE5268E-7A0C-4C05-AA1C-E82FEF1A49A3}.Release|Any CPU.ActiveCfg = Release|Any CPU
		{8CE5268E-7A0C-4C05-AA1C-E82FEF1A49A3}.Release|Any CPU.Build.0 = Release|Any CPU
		{36FB65B7-CC7A-4A5C-9A1F-2E950A28EEC8}.Debug|Any CPU.ActiveCfg = Debug|Any CPU
		{36FB65B7-CC7A-4A5C-9A1F-2E950A28EEC8}.Debug|Any CPU.Build.0 = Debug|Any CPU
		{36FB65B7-CC7A-4A5C-9A1F-2E950A28EEC8}.Release|Any CPU.ActiveCfg = Release|Any CPU
		{36FB65B7-CC7A-4A5C-9A1F-2E950A28EEC8}.Release|Any CPU.Build.0 = Release|Any CPU
		{B321F768-4520-4B42-A1D5-D432AB520EB7}.Debug|Any CPU.ActiveCfg = Debug|Any CPU
		{B321F768-4520-4B42-A1D5-D432AB520EB7}.Debug|Any CPU.Build.0 = Debug|Any CPU
		{B321F768-4520-4B42-A1D5-D432AB520EB7}.Release|Any CPU.ActiveCfg = Release|Any CPU
		{B321F768-4520-4B42-A1D5-D432AB520EB7}.Release|Any CPU.Build.0 = Release|Any CPU
		{695CF728-00B9-4DD1-BB08-7F2065C9F4CB}.Debug|Any CPU.ActiveCfg = Debug|Any CPU
		{695CF728-00B9-4DD1-BB08-7F2065C9F4CB}.Debug|Any CPU.Build.0 = Debug|Any CPU
		{695CF728-00B9-4DD1-BB08-7F2065C9F4CB}.Release|Any CPU.ActiveCfg = Release|Any CPU
		{695CF728-00B9-4DD1-BB08-7F2065C9F4CB}.Release|Any CPU.Build.0 = Release|Any CPU
		{58A046AE-BE90-4A6C-B104-EB4476C462D7}.Debug|Any CPU.ActiveCfg = Debug|Any CPU
		{58A046AE-BE90-4A6C-B104-EB4476C462D7}.Debug|Any CPU.Build.0 = Debug|Any CPU
		{58A046AE-BE90-4A6C-B104-EB4476C462D7}.Release|Any CPU.ActiveCfg = Release|Any CPU
		{58A046AE-BE90-4A6C-B104-EB4476C462D7}.Release|Any CPU.Build.0 = Release|Any CPU
		{312057E4-00D0-48B2-8B07-5A395134BE42}.Debug|Any CPU.ActiveCfg = Debug|Any CPU
		{312057E4-00D0-48B2-8B07-5A395134BE42}.Debug|Any CPU.Build.0 = Debug|Any CPU
		{312057E4-00D0-48B2-8B07-5A395134BE42}.Release|Any CPU.ActiveCfg = Release|Any CPU
		{312057E4-00D0-48B2-8B07-5A395134BE42}.Release|Any CPU.Build.0 = Release|Any CPU
	EndGlobalSection
	GlobalSection(SolutionProperties) = preSolution
		HideSolutionNode = FALSE
	EndGlobalSection
	GlobalSection(NestedProjects) = preSolution
		{2257631F-E8AC-48E3-AC30-D99DB5BC7202} = {C6B99E11-7C71-4DDC-AF99-D2E259F796E1}
		{677739AB-D609-49EA-B765-5F8A68B837F5} = {6A5B51A6-FD8E-4524-88D3-9F26C49FAEBF}
		{C9EE9BB0-C83E-49BE-B43F-7907CAFC8FC8} = {1BB8F1AE-01F6-4CDE-BF00-2D765EDEEDDD}
		{0F5E3394-8060-4139-9C25-DFCC692DEFD5} = {E4D91AC2-134B-431D-8416-F2D323B72270}
		{4D233272-AD5B-4093-BD72-47C35E2A5A06} = {0F5E3394-8060-4139-9C25-DFCC692DEFD5}
		{C225DE9F-C719-4A12-91FC-3E2A0B223827} = {0F5E3394-8060-4139-9C25-DFCC692DEFD5}
		{7F8561DE-317D-4C5C-AEAF-6D5BC555173B} = {0F5E3394-8060-4139-9C25-DFCC692DEFD5}
		{BB58D3B6-00E3-44D0-9365-58056D5D23AA} = {0F5E3394-8060-4139-9C25-DFCC692DEFD5}
		{982427DD-1F6E-4005-9B12-813A03242F8E} = {4D233272-AD5B-4093-BD72-47C35E2A5A06}
		{0B3B646A-3453-409E-8926-BE65CFB3847E} = {7F8561DE-317D-4C5C-AEAF-6D5BC555173B}
		{8CE5268E-7A0C-4C05-AA1C-E82FEF1A49A3} = {BB58D3B6-00E3-44D0-9365-58056D5D23AA}
		{36FB65B7-CC7A-4A5C-9A1F-2E950A28EEC8} = {C225DE9F-C719-4A12-91FC-3E2A0B223827}
		{EF08FF54-E836-43E5-A2AD-34648D410FDD} = {E4D91AC2-134B-431D-8416-F2D323B72270}
		{83361AD9-AF02-4225-9B31-F3D4883ED269} = {EF08FF54-E836-43E5-A2AD-34648D410FDD}
		{146C1A34-ACBE-4A24-ACE4-1ABD19035975} = {EF08FF54-E836-43E5-A2AD-34648D410FDD}
		{5BD8A0AB-157F-489E-8ED6-37788BE0D41D} = {EF08FF54-E836-43E5-A2AD-34648D410FDD}
		{B911F4A1-2DC2-4F82-9A5E-A41F5A11B641} = {EF08FF54-E836-43E5-A2AD-34648D410FDD}
		{B321F768-4520-4B42-A1D5-D432AB520EB7} = {83361AD9-AF02-4225-9B31-F3D4883ED269}
		{695CF728-00B9-4DD1-BB08-7F2065C9F4CB} = {146C1A34-ACBE-4A24-ACE4-1ABD19035975}
		{58A046AE-BE90-4A6C-B104-EB4476C462D7} = {5BD8A0AB-157F-489E-8ED6-37788BE0D41D}
		{312057E4-00D0-48B2-8B07-5A395134BE42} = {B911F4A1-2DC2-4F82-9A5E-A41F5A11B641}
	EndGlobalSection
	GlobalSection(ExtensibilityGlobals) = postSolution
		SolutionGuid = {75958558-977F-4791-AD58-45E1177D3CBA}
	EndGlobalSection
EndGlobal
